// !$*UTF8*$!
{
	archiveVersion = 1;
	classes = {
	};
	objectVersion = 56;
	objects = {

/* Begin PBXBuildFile section */
		8B5200452B53803F00F61275 /* MockDataServiceExample.swift in Sources */ = {isa = PBXBuildFile; fileRef = 8B5200442B53803F00F61275 /* MockDataServiceExample.swift */; };
		8B5200472B54DCFE00F61275 /* MVVMExample.swift in Sources */ = {isa = PBXBuildFile; fileRef = 8B5200462B54DCFE00F61275 /* MVVMExample.swift */; };
		8B5200492B550CC000F61275 /* DownloadImageAsyncCombineEscaping.swift in Sources */ = {isa = PBXBuildFile; fileRef = 8B5200482B550CC000F61275 /* DownloadImageAsyncCombineEscaping.swift */; };
		8BC4810B2B50E78D000D6221 /* ImportantSwiftUIFeaturesApp.swift in Sources */ = {isa = PBXBuildFile; fileRef = 8BC4810A2B50E78D000D6221 /* ImportantSwiftUIFeaturesApp.swift */; };
		8BC4810D2B50E78D000D6221 /* ContentView.swift in Sources */ = {isa = PBXBuildFile; fileRef = 8BC4810C2B50E78D000D6221 /* ContentView.swift */; };
		8BC4810F2B50E790000D6221 /* Assets.xcassets in Resources */ = {isa = PBXBuildFile; fileRef = 8BC4810E2B50E790000D6221 /* Assets.xcassets */; };
		8BC481122B50E790000D6221 /* Preview Assets.xcassets in Resources */ = {isa = PBXBuildFile; fileRef = 8BC481112B50E790000D6221 /* Preview Assets.xcassets */; };
		8BEF89BB2B52413000412ABD /* CustomPropertyWrapper.swift in Sources */ = {isa = PBXBuildFile; fileRef = 8BEF89BA2B52413000412ABD /* CustomPropertyWrapper.swift */; };
/* End PBXBuildFile section */

/* Begin PBXFileReference section */
		8B5200442B53803F00F61275 /* MockDataServiceExample.swift */ = {isa = PBXFileReference; lastKnownFileType = sourcecode.swift; path = MockDataServiceExample.swift; sourceTree = "<group>"; };
		8B5200462B54DCFE00F61275 /* MVVMExample.swift */ = {isa = PBXFileReference; lastKnownFileType = sourcecode.swift; path = MVVMExample.swift; sourceTree = "<group>"; };
		8B5200482B550CC000F61275 /* DownloadImageAsyncCombineEscaping.swift */ = {isa = PBXFileReference; lastKnownFileType = sourcecode.swift; path = DownloadImageAsyncCombineEscaping.swift; sourceTree = "<group>"; };
		8BC481072B50E78D000D6221 /* ImportantSwiftUIFeatures.app */ = {isa = PBXFileReference; explicitFileType = wrapper.application; includeInIndex = 0; path = ImportantSwiftUIFeatures.app; sourceTree = BUILT_PRODUCTS_DIR; };
		8BC4810A2B50E78D000D6221 /* ImportantSwiftUIFeaturesApp.swift */ = {isa = PBXFileReference; lastKnownFileType = sourcecode.swift; path = ImportantSwiftUIFeaturesApp.swift; sourceTree = "<group>"; };
		8BC4810C2B50E78D000D6221 /* ContentView.swift */ = {isa = PBXFileReference; lastKnownFileType = sourcecode.swift; path = ContentView.swift; sourceTree = "<group>"; };
		8BC4810E2B50E790000D6221 /* Assets.xcassets */ = {isa = PBXFileReference; lastKnownFileType = folder.assetcatalog; path = Assets.xcassets; sourceTree = "<group>"; };
		8BC481112B50E790000D6221 /* Preview Assets.xcassets */ = {isa = PBXFileReference; lastKnownFileType = folder.assetcatalog; path = "Preview Assets.xcassets"; sourceTree = "<group>"; };
		8BEF89BA2B52413000412ABD /* CustomPropertyWrapper.swift */ = {isa = PBXFileReference; lastKnownFileType = sourcecode.swift; path = CustomPropertyWrapper.swift; sourceTree = "<group>"; };
/* End PBXFileReference section */

/* Begin PBXFrameworksBuildPhase section */
		8BC481042B50E78D000D6221 /* Frameworks */ = {
			isa = PBXFrameworksBuildPhase;
			buildActionMask = 2147483647;
			files = (
			);
			runOnlyForDeploymentPostprocessing = 0;
		};
/* End PBXFrameworksBuildPhase section */

/* Begin PBXGroup section */
		8BC480FE2B50E78D000D6221 = {
			isa = PBXGroup;
			children = (
				8BC481092B50E78D000D6221 /* ImportantSwiftUIFeatures */,
				8BC481082B50E78D000D6221 /* Products */,
			);
			sourceTree = "<group>";
		};
		8BC481082B50E78D000D6221 /* Products */ = {
			isa = PBXGroup;
			children = (
				8BC481072B50E78D000D6221 /* ImportantSwiftUIFeatures.app */,
			);
			name = Products;
			sourceTree = "<group>";
		};
		8BC481092B50E78D000D6221 /* ImportantSwiftUIFeatures */ = {
			isa = PBXGroup;
			children = (
				8BC4810A2B50E78D000D6221 /* ImportantSwiftUIFeaturesApp.swift */,
				8BC4810C2B50E78D000D6221 /* ContentView.swift */,
				8BEF89BA2B52413000412ABD /* CustomPropertyWrapper.swift */,
				8B5200442B53803F00F61275 /* MockDataServiceExample.swift */,
				8B5200462B54DCFE00F61275 /* MVVMExample.swift */,
				8B5200482B550CC000F61275 /* DownloadImageAsyncCombineEscaping.swift */,
				8BC4810E2B50E790000D6221 /* Assets.xcassets */,
				8BC481102B50E790000D6221 /* Preview Content */,
			);
			path = ImportantSwiftUIFeatures;
			sourceTree = "<group>";
		};
		8BC481102B50E790000D6221 /* Preview Content */ = {
			isa = PBXGroup;
			children = (
				8BC481112B50E790000D6221 /* Preview Assets.xcassets */,
			);
			path = "Preview Content";
			sourceTree = "<group>";
		};
/* End PBXGroup section */

/* Begin PBXNativeTarget section */
		8BC481062B50E78D000D6221 /* ImportantSwiftUIFeatures */ = {
			isa = PBXNativeTarget;
			buildConfigurationList = 8BC481152B50E790000D6221 /* Build configuration list for PBXNativeTarget "ImportantSwiftUIFeatures" */;
			buildPhases = (
				8BC481032B50E78D000D6221 /* Sources */,
				8BC481042B50E78D000D6221 /* Frameworks */,
				8BC481052B50E78D000D6221 /* Resources */,
			);
			buildRules = (
			);
			dependencies = (
			);
			name = ImportantSwiftUIFeatures;
			productName = ImportantSwiftUIFeatures;
			productReference = 8BC481072B50E78D000D6221 /* ImportantSwiftUIFeatures.app */;
			productType = "com.apple.product-type.application";
		};
/* End PBXNativeTarget section */

/* Begin PBXProject section */
		8BC480FF2B50E78D000D6221 /* Project object */ = {
			isa = PBXProject;
			attributes = {
				BuildIndependentTargetsInParallel = 1;
				LastSwiftUpdateCheck = 1510;
				LastUpgradeCheck = 1510;
				TargetAttributes = {
					8BC481062B50E78D000D6221 = {
						CreatedOnToolsVersion = 15.1;
					};
				};
			};
			buildConfigurationList = 8BC481022B50E78D000D6221 /* Build configuration list for PBXProject "ImportantSwiftUIFeatures" */;
			compatibilityVersion = "Xcode 14.0";
			developmentRegion = en;
			hasScannedForEncodings = 0;
			knownRegions = (
				en,
				Base,
			);
			mainGroup = 8BC480FE2B50E78D000D6221;
			productRefGroup = 8BC481082B50E78D000D6221 /* Products */;
			projectDirPath = "";
			projectRoot = "";
			targets = (
				8BC481062B50E78D000D6221 /* ImportantSwiftUIFeatures */,
			);
		};
/* End PBXProject section */

/* Begin PBXResourcesBuildPhase section */
		8BC481052B50E78D000D6221 /* Resources */ = {
			isa = PBXResourcesBuildPhase;
			buildActionMask = 2147483647;
			files = (
				8BC481122B50E790000D6221 /* Preview Assets.xcassets in Resources */,
				8BC4810F2B50E790000D6221 /* Assets.xcassets in Resources */,
			);
			runOnlyForDeploymentPostprocessing = 0;
		};
/* End PBXResourcesBuildPhase section */

/* Begin PBXSourcesBuildPhase section */
		8BC481032B50E78D000D6221 /* Sources */ = {
			isa = PBXSourcesBuildPhase;
			buildActionMask = 2147483647;
			files = (
				8B5200452B53803F00F61275 /* MockDataServiceExample.swift in Sources */,
				8B5200472B54DCFE00F61275 /* MVVMExample.swift in Sources */,
				8BEF89BB2B52413000412ABD /* CustomPropertyWrapper.swift in Sources */,
				8BC4810D2B50E78D000D6221 /* ContentView.swift in Sources */,
				8B5200492B550CC000F61275 /* DownloadImageAsyncCombineEscaping.swift in Sources */,
				8BC4810B2B50E78D000D6221 /* ImportantSwiftUIFeaturesApp.swift in Sources */,
			);
			runOnlyForDeploymentPostprocessing = 0;
		};
/* End PBXSourcesBuildPhase section */

/* Begin XCBuildConfiguration section */
		8BC481132B50E790000D6221 /* Debug */ = {
			isa = XCBuildConfiguration;
			buildSettings = {
				ALWAYS_SEARCH_USER_PATHS = NO;
				ASSETCATALOG_COMPILER_GENERATE_SWIFT_ASSET_SYMBOL_EXTENSIONS = YES;
				CLANG_ANALYZER_NONNULL = YES;
				CLANG_ANALYZER_NUMBER_OBJECT_CONVERSION = YES_AGGRESSIVE;
				CLANG_CXX_LANGUAGE_STANDARD = "gnu++20";
				CLANG_ENABLE_MODULES = YES;
				CLANG_ENABLE_OBJC_ARC = YES;
				CLANG_ENABLE_OBJC_WEAK = YES;
				CLANG_WARN_BLOCK_CAPTURE_AUTORELEASING = YES;
				CLANG_WARN_BOOL_CONVERSION = YES;
				CLANG_WARN_COMMA = YES;
				CLANG_WARN_CONSTANT_CONVERSION = YES;
				CLANG_WARN_DEPRECATED_OBJC_IMPLEMENTATIONS = YES;
				CLANG_WARN_DIRECT_OBJC_ISA_USAGE = YES_ERROR;
				CLANG_WARN_DOCUMENTATION_COMMENTS = YES;
				CLANG_WARN_EMPTY_BODY = YES;
				CLANG_WARN_ENUM_CONVERSION = YES;
				CLANG_WARN_INFINITE_RECURSION = YES;
				CLANG_WARN_INT_CONVERSION = YES;
				CLANG_WARN_NON_LITERAL_NULL_CONVERSION = YES;
				CLANG_WARN_OBJC_IMPLICIT_RETAIN_SELF = YES;
				CLANG_WARN_OBJC_LITERAL_CONVERSION = YES;
				CLANG_WARN_OBJC_ROOT_CLASS = YES_ERROR;
				CLANG_WARN_QUOTED_INCLUDE_IN_FRAMEWORK_HEADER = YES;
				CLANG_WARN_RANGE_LOOP_ANALYSIS = YES;
				CLANG_WARN_STRICT_PROTOTYPES = YES;
				CLANG_WARN_SUSPICIOUS_MOVE = YES;
				CLANG_WARN_UNGUARDED_AVAILABILITY = YES_AGGRESSIVE;
				CLANG_WARN_UNREACHABLE_CODE = YES;
				CLANG_WARN__DUPLICATE_METHOD_MATCH = YES;
				COPY_PHASE_STRIP = NO;
				DEBUG_INFORMATION_FORMAT = dwarf;
				ENABLE_STRICT_OBJC_MSGSEND = YES;
				ENABLE_TESTABILITY = YES;
				ENABLE_USER_SCRIPT_SANDBOXING = YES;
				GCC_C_LANGUAGE_STANDARD = gnu17;
				GCC_DYNAMIC_NO_PIC = NO;
				GCC_NO_COMMON_BLOCKS = YES;
				GCC_OPTIMIZATION_LEVEL = 0;
				GCC_PREPROCESSOR_DEFINITIONS = (
					"DEBUG=1",
					"$(inherited)",
				);
				GCC_WARN_64_TO_32_BIT_CONVERSION = YES;
				GCC_WARN_ABOUT_RETURN_TYPE = YES_ERROR;
				GCC_WARN_UNDECLARED_SELECTOR = YES;
				GCC_WARN_UNINITIALIZED_AUTOS = YES_AGGRESSIVE;
				GCC_WARN_UNUSED_FUNCTION = YES;
				GCC_WARN_UNUSED_VARIABLE = YES;
				IPHONEOS_DEPLOYMENT_TARGET = 17.2;
				LOCALIZATION_PREFERS_STRING_CATALOGS = YES;
				MTL_ENABLE_DEBUG_INFO = INCLUDE_SOURCE;
				MTL_FAST_MATH = YES;
				ONLY_ACTIVE_ARCH = YES;
				SDKROOT = iphoneos;
				SWIFT_ACTIVE_COMPILATION_CONDITIONS = "DEBUG $(inherited)";
				SWIFT_OPTIMIZATION_LEVEL = "-Onone";
			};
			name = Debug;
		};
		8BC481142B50E790000D6221 /* Release */ = {
			isa = XCBuildConfiguration;
			buildSettings = {
				ALWAYS_SEARCH_USER_PATHS = NO;
				ASSETCATALOG_COMPILER_GENERATE_SWIFT_ASSET_SYMBOL_EXTENSIONS = YES;
				CLANG_ANALYZER_NONNULL = YES;
				CLANG_ANALYZER_NUMBER_OBJECT_CONVERSION = YES_AGGRESSIVE;
				CLANG_CXX_LANGUAGE_STANDARD = "gnu++20";
				CLANG_ENABLE_MODULES = YES;
				CLANG_ENABLE_OBJC_ARC = YES;
				CLANG_ENABLE_OBJC_WEAK = YES;
				CLANG_WARN_BLOCK_CAPTURE_AUTORELEASING = YES;
				CLANG_WARN_BOOL_CONVERSION = YES;
				CLANG_WARN_COMMA = YES;
				CLANG_WARN_CONSTANT_CONVERSION = YES;
				CLANG_WARN_DEPRECATED_OBJC_IMPLEMENTATIONS = YES;
				CLANG_WARN_DIRECT_OBJC_ISA_USAGE = YES_ERROR;
				CLANG_WARN_DOCUMENTATION_COMMENTS = YES;
				CLANG_WARN_EMPTY_BODY = YES;
				CLANG_WARN_ENUM_CONVERSION = YES;
				CLANG_WARN_INFINITE_RECURSION = YES;
				CLANG_WARN_INT_CONVERSION = YES;
				CLANG_WARN_NON_LITERAL_NULL_CONVERSION = YES;
				CLANG_WARN_OBJC_IMPLICIT_RETAIN_SELF = YES;
				CLANG_WARN_OBJC_LITERAL_CONVERSION = YES;
				CLANG_WARN_OBJC_ROOT_CLASS = YES_ERROR;
				CLANG_WARN_QUOTED_INCLUDE_IN_FRAMEWORK_HEADER = YES;
				CLANG_WARN_RANGE_LOOP_ANALYSIS = YES;
				CLANG_WARN_STRICT_PROTOTYPES = YES;
				CLANG_WARN_SUSPICIOUS_MOVE = YES;
				CLANG_WARN_UNGUARDED_AVAILABILITY = YES_AGGRESSIVE;
				CLANG_WARN_UNREACHABLE_CODE = YES;
				CLANG_WARN__DUPLICATE_METHOD_MATCH = YES;
				COPY_PHASE_STRIP = NO;
				DEBUG_INFORMATION_FORMAT = "dwarf-with-dsym";
				ENABLE_NS_ASSERTIONS = NO;
				ENABLE_STRICT_OBJC_MSGSEND = YES;
				ENABLE_USER_SCRIPT_SANDBOXING = YES;
				GCC_C_LANGUAGE_STANDARD = gnu17;
				GCC_NO_COMMON_BLOCKS = YES;
				GCC_WARN_64_TO_32_BIT_CONVERSION = YES;
				GCC_WARN_ABOUT_RETURN_TYPE = YES_ERROR;
				GCC_WARN_UNDECLARED_SELECTOR = YES;
				GCC_WARN_UNINITIALIZED_AUTOS = YES_AGGRESSIVE;
				GCC_WARN_UNUSED_FUNCTION = YES;
				GCC_WARN_UNUSED_VARIABLE = YES;
				IPHONEOS_DEPLOYMENT_TARGET = 17.2;
				LOCALIZATION_PREFERS_STRING_CATALOGS = YES;
				MTL_ENABLE_DEBUG_INFO = NO;
				MTL_FAST_MATH = YES;
				SDKROOT = iphoneos;
				SWIFT_COMPILATION_MODE = wholemodule;
				VALIDATE_PRODUCT = YES;
			};
			name = Release;
		};
		8BC481162B50E790000D6221 /* Debug */ = {
			isa = XCBuildConfiguration;
			buildSettings = {
				ASSETCATALOG_COMPILER_APPICON_NAME = AppIcon;
				ASSETCATALOG_COMPILER_GLOBAL_ACCENT_COLOR_NAME = AccentColor;
				CODE_SIGN_STYLE = Automatic;
				CURRENT_PROJECT_VERSION = 1;
				DEVELOPMENT_ASSET_PATHS = "\"ImportantSwiftUIFeatures/Preview Content\"";
				DEVELOPMENT_TEAM = 75W46TW7GG;
				ENABLE_PREVIEWS = YES;
				GENERATE_INFOPLIST_FILE = YES;
				INFOPLIST_KEY_UIApplicationSceneManifest_Generation = YES;
				INFOPLIST_KEY_UIApplicationSupportsIndirectInputEvents = YES;
				INFOPLIST_KEY_UILaunchScreen_Generation = YES;
				INFOPLIST_KEY_UISupportedInterfaceOrientations_iPad = "UIInterfaceOrientationPortrait UIInterfaceOrientationPortraitUpsideDown UIInterfaceOrientationLandscapeLeft UIInterfaceOrientationLandscapeRight";
				INFOPLIST_KEY_UISupportedInterfaceOrientations_iPhone = "UIInterfaceOrientationPortrait UIInterfaceOrientationLandscapeLeft UIInterfaceOrientationLandscapeRight";
				LD_RUNPATH_SEARCH_PATHS = (
					"$(inherited)",
					"@executable_path/Frameworks",
				);
				MARKETING_VERSION = 1.0;
				PRODUCT_BUNDLE_IDENTIFIER = com.Medhat.ImportantSwiftUIFeatures;
				PRODUCT_NAME = "$(TARGET_NAME)";
				SWIFT_EMIT_LOC_STRINGS = YES;
				SWIFT_VERSION = 5.0;
				TARGETED_DEVICE_FAMILY = "1,2";
			};
			name = Debug;
		};
		8BC481172B50E790000D6221 /* Release */ = {
			isa = XCBuildConfiguration;
			buildSettings = {
				ASSETCATALOG_COMPILER_APPICON_NAME = AppIcon;
				ASSETCATALOG_COMPILER_GLOBAL_ACCENT_COLOR_NAME = AccentColor;
				CODE_SIGN_STYLE = Automatic;
				CURRENT_PROJECT_VERSION = 1;
				DEVELOPMENT_ASSET_PATHS = "\"ImportantSwiftUIFeatures/Preview Content\"";
				DEVELOPMENT_TEAM = 75W46TW7GG;
				ENABLE_PREVIEWS = YES;
				GENERATE_INFOPLIST_FILE = YES;
				INFOPLIST_KEY_UIApplicationSceneManifest_Generation = YES;
				INFOPLIST_KEY_UIApplicationSupportsIndirectInputEvents = YES;
				INFOPLIST_KEY_UILaunchScreen_Generation = YES;
				INFOPLIST_KEY_UISupportedInterfaceOrientations_iPad = "UIInterfaceOrientationPortrait UIInterfaceOrientationPortraitUpsideDown UIInterfaceOrientationLandscapeLeft UIInterfaceOrientationLandscapeRight";
				INFOPLIST_KEY_UISupportedInterfaceOrientations_iPhone = "UIInterfaceOrientationPortrait UIInterfaceOrientationLandscapeLeft UIInterfaceOrientationLandscapeRight";
				LD_RUNPATH_SEARCH_PATHS = (
					"$(inherited)",
					"@executable_path/Frameworks",
				);
				MARKETING_VERSION = 1.0;
				PRODUCT_BUNDLE_IDENTIFIER = com.Medhat.ImportantSwiftUIFeatures;
				PRODUCT_NAME = "$(TARGET_NAME)";
				SWIFT_EMIT_LOC_STRINGS = YES;
				SWIFT_VERSION = 5.0;
				TARGETED_DEVICE_FAMILY = "1,2";
			};
			name = Release;
		};
/* End XCBuildConfiguration section */

/* Begin XCConfigurationList section */
		8BC481022B50E78D000D6221 /* Build configuration list for PBXProject "ImportantSwiftUIFeatures" */ = {
			isa = XCConfigurationList;
			buildConfigurations = (
				8BC481132B50E790000D6221 /* Debug */,
				8BC481142B50E790000D6221 /* Release */,
			);
			defaultConfigurationIsVisible = 0;
			defaultConfigurationName = Release;
		};
		8BC481152B50E790000D6221 /* Build configuration list for PBXNativeTarget "ImportantSwiftUIFeatures" */ = {
			isa = XCConfigurationList;
			buildConfigurations = (
				8BC481162B50E790000D6221 /* Debug */,
				8BC481172B50E790000D6221 /* Release */,
			);
			defaultConfigurationIsVisible = 0;
			defaultConfigurationName = Release;
		};
/* End XCConfigurationList section */
	};
	rootObject = 8BC480FF2B50E78D000D6221 /* Project object */;
}
